
Microsoft Visual Studio Solution File, Format Version 12.00
# Visual Studio Version 16
VisualStudioVersion = 16.0.31005.135
MinimumVisualStudioVersion = 10.0.40219.1
Project("{FAE04EC0-301F-11D3-BF4B-00C04F79EFBC}") = "MyDll", "MyDll\MyDll.csproj", "{78E68048-8CBC-4300-9C44-CC096B8E9BC3}"
EndProject
Global
	GlobalSection(SolutionConfigurationPlatforms) = preSolution
		Debug|Any CPU = Debug|Any CPU
		Release|Any CPU = Release|Any CPU
	EndGlobalSection
	GlobalSection(ProjectConfigurationPlatforms) = postSolution
		{78E68048-8CBC-4300-9C44-CC096B8E9BC3}.Debug|Any CPU.ActiveCfg = Debug|Any CPU
		{78E68048-8CBC-4300-9C44-CC096B8E9BC3}.Debug|Any CPU.Build.0 = Debug|Any CPU
		{78E68048-8CBC-4300-9C44-CC096B8E9BC3}.Release|Any CPU.ActiveCfg = Release|Any CPU
		{78E68048-8CBC-4300-9C44-CC096B8E9BC3}.Release|Any CPU.Build.0 = Release|Any CPU
	EndGlobalSection
	GlobalSection(SolutionProperties) = preSolution
		HideSolutionNode = FALSE
	EndGlobalSection
	GlobalSection(ExtensibilityGlobals) = postSolution
		SolutionGuid = {1C06CAEF-5B89-43FC-B855-4AFD72C5C5AA}
	EndGlobalSection
EndGlobal
